// !$*UTF8*$!
{
	archiveVersion = 1;
	classes = {
	};
	objectVersion = 48;
	objects = {

/* Begin PBXBuildFile section */
		0BE1B0DD3690AD20487E6DD7 /* libPods-Example.a in Frameworks */ = {isa = PBXBuildFile; fileRef = 267745808609369F739754F7 /* libPods-Example.a */; };
		74A429F0204A8E3C00B06B4B /* AppDelegate.m in Sources */ = {isa = PBXBuildFile; fileRef = 74A429EF204A8E3C00B06B4B /* AppDelegate.m */; };
		74A429F3204A8E3C00B06B4B /* ViewController.m in Sources */ = {isa = PBXBuildFile; fileRef = 74A429F2204A8E3C00B06B4B /* ViewController.m */; };
		74A429F6204A8E3C00B06B4B /* Main.storyboard in Resources */ = {isa = PBXBuildFile; fileRef = 74A429F4204A8E3C00B06B4B /* Main.storyboard */; };
		74A429F9204A8E3C00B06B4B /* Example.xcdatamodeld in Sources */ = {isa = PBXBuildFile; fileRef = 74A429F7204A8E3C00B06B4B /* Example.xcdatamodeld */; };
		74A429FE204A8E3C00B06B4B /* LaunchScreen.storyboard in Resources */ = {isa = PBXBuildFile; fileRef = 74A429FC204A8E3C00B06B4B /* LaunchScreen.storyboard */; };
		74A42A01204A8E3C00B06B4B /* main.m in Sources */ = {isa = PBXBuildFile; fileRef = 74A42A00204A8E3C00B06B4B /* main.m */; };
		74A42A08204A956500B06B4B /* libc++.tbd in Frameworks */ = {isa = PBXBuildFile; fileRef = 74A42A07204A956500B06B4B /* libc++.tbd */; };
		74A42A0D204C2B5300B06B4B /* CaptureImageViewController.m in Sources */ = {isa = PBXBuildFile; fileRef = 74A42A0C204C2B5300B06B4B /* CaptureImageViewController.m */; };
		BF07F16C208AF682005A2D7D /* img_on_baoxaing5@3x.png in Resources */ = {isa = PBXBuildFile; fileRef = BF07F16B208AF682005A2D7D /* img_on_baoxaing5@3x.png */; };
		BF07F16E208AF68B005A2D7D /* img_on_baoxaing6@3x.png in Resources */ = {isa = PBXBuildFile; fileRef = BF07F16D208AF68B005A2D7D /* img_on_baoxaing6@3x.png */; };
		BF07F170208AF696005A2D7D /* img_on_baoxaing2@3x.png in Resources */ = {isa = PBXBuildFile; fileRef = BF07F16F208AF695005A2D7D /* img_on_baoxaing2@3x.png */; };
		BF07F172208AF75F005A2D7D /* bg_tankuang@3x.png in Resources */ = {isa = PBXBuildFile; fileRef = BF07F171208AF75E005A2D7D /* bg_tankuang@3x.png */; };
		BF07F174208AF797005A2D7D /* bg_sel_qiandao@3x.png in Resources */ = {isa = PBXBuildFile; fileRef = BF07F173208AF797005A2D7D /* bg_sel_qiandao@3x.png */; };
		BF07F176208AF905005A2D7D /* icon_guanbi@3x.png in Resources */ = {isa = PBXBuildFile; fileRef = BF07F175208AF905005A2D7D /* icon_guanbi@3x.png */; };
		BF07F185208B348E005A2D7D /* GameKit.framework in Frameworks */ = {isa = PBXBuildFile; fileRef = BF07F184208B348E005A2D7D /* GameKit.framework */; };
		BF1FEBA720A2050F00BFBF77 /* example.nes in Resources */ = {isa = PBXBuildFile; fileRef = BF1FEBA620A2050F00BFBF77 /* example.nes */; };
		BF42B5CF209226BB0072EF18 /* NextViewController.storyboard in Resources */ = {isa = PBXBuildFile; fileRef = BF42B5CE209226BB0072EF18 /* NextViewController.storyboard */; };
		BF4C3E362087824C00EF27DF /* GoogleService-Info.plist in Resources */ = {isa = PBXBuildFile; fileRef = BF4C3E352087824C00EF27DF /* GoogleService-Info.plist */; };
		BF5DEB552084F9B500983EDA /* roms in Resources */ = {isa = PBXBuildFile; fileRef = BF5DEB542084F9B500983EDA /* roms */; };
		BF74F2E52087951E000CCBA7 /* Hall.storyboard in Resources */ = {isa = PBXBuildFile; fileRef = BF74F2E42087951E000CCBA7 /* Hall.storyboard */; };
		BFA8ACD0208836A5009DD695 /* StoreKit.framework in Frameworks */ = {isa = PBXBuildFile; fileRef = BFA8ACCF208836A5009DD695 /* StoreKit.framework */; };
		BFAC46A6209F47F1005F5644 /* 49in1SoundOff.png in Resources */ = {isa = PBXBuildFile; fileRef = BFAC4693209F47EF005F5644 /* 49in1SoundOff.png */; };
		BFAC46A7209F47F1005F5644 /* 49in1SoundOn.png in Resources */ = {isa = PBXBuildFile; fileRef = BFAC4694209F47EF005F5644 /* 49in1SoundOn.png */; };
		BFAC46A8209F47F1005F5644 /* 49in1bg.png in Resources */ = {isa = PBXBuildFile; fileRef = BFAC4695209F47F0005F5644 /* 49in1bg.png */; };
		BFAC46A9209F47F1005F5644 /* 49in1LeftBtn.png in Resources */ = {isa = PBXBuildFile; fileRef = BFAC4696209F47F0005F5644 /* 49in1LeftBtn.png */; };
		BFAC46AA209F47F1005F5644 /* 49in145Btn.png in Resources */ = {isa = PBXBuildFile; fileRef = BFAC4697209F47F0005F5644 /* 49in145Btn.png */; };
		BFAC46AB209F47F1005F5644 /* 49in1TopBtn.png in Resources */ = {isa = PBXBuildFile; fileRef = BFAC4698209F47F0005F5644 /* 49in1TopBtn.png */; };
		BFAC46AC209F47F1005F5644 /* 49in1RightSmallBtn.png in Resources */ = {isa = PBXBuildFile; fileRef = BFAC4699209F47F0005F5644 /* 49in1RightSmallBtn.png */; };
		BFAC46AD209F47F1005F5644 /* 49in1MainBg.jpg in Resources */ = {isa = PBXBuildFile; fileRef = BFAC469A209F47F0005F5644 /* 49in1MainBg.jpg */; };
		BFAC46AE209F47F1005F5644 /* 49in1RightBtn.png in Resources */ = {isa = PBXBuildFile; fileRef = BFAC469B209F47F0005F5644 /* 49in1RightBtn.png */; };
		BFAC46AF209F47F1005F5644 /* 49in1ABtn.png in Resources */ = {isa = PBXBuildFile; fileRef = BFAC469C209F47F0005F5644 /* 49in1ABtn.png */; };
		BFAC46B0209F47F1005F5644 /* 49in1BottomBtn.png in Resources */ = {isa = PBXBuildFile; fileRef = BFAC469D209F47F0005F5644 /* 49in1BottomBtn.png */; };
		BFAC46B1209F47F1005F5644 /* 49in1UpBtn.png in Resources */ = {isa = PBXBuildFile; fileRef = BFAC469E209F47F0005F5644 /* 49in1UpBtn.png */; };
		BFAC46B2209F47F1005F5644 /* 49in1gameContainer.png in Resources */ = {isa = PBXBuildFile; fileRef = BFAC469F209F47F0005F5644 /* 49in1gameContainer.png */; };
		BFAC46B3209F47F1005F5644 /* 49in1Shop.png in Resources */ = {isa = PBXBuildFile; fileRef = BFAC46A0209F47F0005F5644 /* 49in1Shop.png */; };
		BFAC46B4209F47F1005F5644 /* 49in1RightBigBtn.png in Resources */ = {isa = PBXBuildFile; fileRef = BFAC46A1209F47F0005F5644 /* 49in1RightBigBtn.png */; };
		BFAC46B5209F47F1005F5644 /* 49in1Reset.png in Resources */ = {isa = PBXBuildFile; fileRef = BFAC46A2209F47F0005F5644 /* 49in1Reset.png */; };
		BFAC46B6209F47F1005F5644 /* 49in1SelectBtn.png in Resources */ = {isa = PBXBuildFile; fileRef = BFAC46A3209F47F0005F5644 /* 49in1SelectBtn.png */; };
		BFAC46B7209F47F1005F5644 /* 49in1BBtn.png in Resources */ = {isa = PBXBuildFile; fileRef = BFAC46A4209F47F0005F5644 /* 49in1BBtn.png */; };
		BFAC46B8209F47F1005F5644 /* 49in1ABBtn.png in Resources */ = {isa = PBXBuildFile; fileRef = BFAC46A5209F47F0005F5644 /* 49in1ABBtn.png */; };
		BFAC46BA209F4822005F5644 /* pflash.jpg in Resources */ = {isa = PBXBuildFile; fileRef = BFAC46B9209F4822005F5644 /* pflash.jpg */; };
		BFED48A5208C407800B91992 /* QKTabBar.m in Sources */ = {isa = PBXBuildFile; fileRef = BFED48A2208C407800B91992 /* QKTabBar.m */; };
		BFED48A6208C407800B91992 /* UIView+QKExtension.m in Sources */ = {isa = PBXBuildFile; fileRef = BFED48A4208C407800B91992 /* UIView+QKExtension.m */; };
		BFED48B7208C408300B91992 /* QKTabBarController.m in Sources */ = {isa = PBXBuildFile; fileRef = BFED48A7208C408200B91992 /* QKTabBarController.m */; };
		BFED48B8208C408300B91992 /* HomeViewController.m in Sources */ = {isa = PBXBuildFile; fileRef = BFED48A8208C408200B91992 /* HomeViewController.m */; };
		BFED48B9208C408300B91992 /* MeViewController.m in Sources */ = {isa = PBXBuildFile; fileRef = BFED48AC208C408200B91992 /* MeViewController.m */; };
		BFED48BA208C408300B91992 /* QKNavigationController.m in Sources */ = {isa = PBXBuildFile; fileRef = BFED48AF208C408200B91992 /* QKNavigationController.m */; };
		BFED48BB208C408300B91992 /* NextViewController.m in Sources */ = {isa = PBXBuildFile; fileRef = BFED48B2208C408300B91992 /* NextViewController.m */; };
		BFED48BC208C408300B91992 /* OrderViewController.m in Sources */ = {isa = PBXBuildFile; fileRef = BFED48B3208C408300B91992 /* OrderViewController.m */; };
		BFED48BD208C408300B91992 /* NewsViewController.m in Sources */ = {isa = PBXBuildFile; fileRef = BFED48B4208C408300B91992 /* NewsViewController.m */; };
		BFED48BE208C408300B91992 /* QKBasicViewController.m in Sources */ = {isa = PBXBuildFile; fileRef = BFED48B5208C408300B91992 /* QKBasicViewController.m */; };
		BFED48C0208C413300B91992 /* Assets.xcassets in Resources */ = {isa = PBXBuildFile; fileRef = BFED48BF208C413300B91992 /* Assets.xcassets */; };
		BFFF05B2208652DF007DEAF2 /* HallViewController.m in Sources */ = {isa = PBXBuildFile; fileRef = BFFF05B1208652DF007DEAF2 /* HallViewController.m */; };
/* End PBXBuildFile section */

/* Begin PBXFileReference section */
		1DDC0326C7F05924EBE63433 /* Pods-Example.release.xcconfig */ = {isa = PBXFileReference; includeInIndex = 1; lastKnownFileType = text.xcconfig; name = "Pods-Example.release.xcconfig"; path = "Pods/Target Support Files/Pods-Example/Pods-Example.release.xcconfig"; sourceTree = "<group>"; };
		267745808609369F739754F7 /* libPods-Example.a */ = {isa = PBXFileReference; explicitFileType = archive.ar; includeInIndex = 0; path = "libPods-Example.a"; sourceTree = BUILT_PRODUCTS_DIR; };
		74A429EB204A8E3C00B06B4B /* MyNesGame.app */ = {isa = PBXFileReference; explicitFileType = wrapper.application; includeInIndex = 0; path = MyNesGame.app; sourceTree = BUILT_PRODUCTS_DIR; };
		74A429EE204A8E3C00B06B4B /* AppDelegate.h */ = {isa = PBXFileReference; lastKnownFileType = sourcecode.c.h; path = AppDelegate.h; sourceTree = "<group>"; };
		74A429EF204A8E3C00B06B4B /* AppDelegate.m */ = {isa = PBXFileReference; lastKnownFileType = sourcecode.c.objc; path = AppDelegate.m; sourceTree = "<group>"; };
		74A429F1204A8E3C00B06B4B /* ViewController.h */ = {isa = PBXFileReference; lastKnownFileType = sourcecode.c.h; path = ViewController.h; sourceTree = "<group>"; };
		74A429F2204A8E3C00B06B4B /* ViewController.m */ = {isa = PBXFileReference; lastKnownFileType = sourcecode.c.objc; path = ViewController.m; sourceTree = "<group>"; };
		74A429F5204A8E3C00B06B4B /* Base */ = {isa = PBXFileReference; lastKnownFileType = file.storyboard; name = Base; path = Base.lproj/Main.storyboard; sourceTree = "<group>"; };
		74A429F8204A8E3C00B06B4B /* Example.xcdatamodel */ = {isa = PBXFileReference; lastKnownFileType = wrapper.xcdatamodel; path = Example.xcdatamodel; sourceTree = "<group>"; };
		74A429FD204A8E3C00B06B4B /* Base */ = {isa = PBXFileReference; lastKnownFileType = file.storyboard; name = Base; path = Base.lproj/LaunchScreen.storyboard; sourceTree = "<group>"; };
		74A429FF204A8E3C00B06B4B /* Info.plist */ = {isa = PBXFileReference; lastKnownFileType = text.plist.xml; path = Info.plist; sourceTree = "<group>"; };
		74A42A00204A8E3C00B06B4B /* main.m */ = {isa = PBXFileReference; lastKnownFileType = sourcecode.c.objc; path = main.m; sourceTree = "<group>"; };
		74A42A07204A956500B06B4B /* libc++.tbd */ = {isa = PBXFileReference; lastKnownFileType = "sourcecode.text-based-dylib-definition"; name = "libc++.tbd"; path = "usr/lib/libc++.tbd"; sourceTree = SDKROOT; };
		74A42A0B204C2B5300B06B4B /* CaptureImageViewController.h */ = {isa = PBXFileReference; lastKnownFileType = sourcecode.c.h; path = CaptureImageViewController.h; sourceTree = "<group>"; };
		74A42A0C204C2B5300B06B4B /* CaptureImageViewController.m */ = {isa = PBXFileReference; lastKnownFileType = sourcecode.c.objc; path = CaptureImageViewController.m; sourceTree = "<group>"; };
		BF07F16B208AF682005A2D7D /* img_on_baoxaing5@3x.png */ = {isa = PBXFileReference; lastKnownFileType = image.png; path = "img_on_baoxaing5@3x.png"; sourceTree = "<group>"; };
		BF07F16D208AF68B005A2D7D /* img_on_baoxaing6@3x.png */ = {isa = PBXFileReference; lastKnownFileType = image.png; path = "img_on_baoxaing6@3x.png"; sourceTree = "<group>"; };
		BF07F16F208AF695005A2D7D /* img_on_baoxaing2@3x.png */ = {isa = PBXFileReference; lastKnownFileType = image.png; path = "img_on_baoxaing2@3x.png"; sourceTree = "<group>"; };
		BF07F171208AF75E005A2D7D /* bg_tankuang@3x.png */ = {isa = PBXFileReference; lastKnownFileType = image.png; path = "bg_tankuang@3x.png"; sourceTree = "<group>"; };
		BF07F173208AF797005A2D7D /* bg_sel_qiandao@3x.png */ = {isa = PBXFileReference; lastKnownFileType = image.png; path = "bg_sel_qiandao@3x.png"; sourceTree = "<group>"; };
		BF07F175208AF905005A2D7D /* icon_guanbi@3x.png */ = {isa = PBXFileReference; lastKnownFileType = image.png; path = "icon_guanbi@3x.png"; sourceTree = "<group>"; };
		BF07F184208B348E005A2D7D /* GameKit.framework */ = {isa = PBXFileReference; lastKnownFileType = wrapper.framework; name = GameKit.framework; path = System/Library/Frameworks/GameKit.framework; sourceTree = SDKROOT; };
		BF1FEBA620A2050F00BFBF77 /* example.nes */ = {isa = PBXFileReference; lastKnownFileType = file; path = example.nes; sourceTree = "<group>"; };
		BF42B5CE209226BB0072EF18 /* NextViewController.storyboard */ = {isa = PBXFileReference; lastKnownFileType = file.storyboard; path = NextViewController.storyboard; sourceTree = "<group>"; };
		BF4C3E352087824C00EF27DF /* GoogleService-Info.plist */ = {isa = PBXFileReference; fileEncoding = 4; lastKnownFileType = text.plist.xml; path = "GoogleService-Info.plist"; sourceTree = "<group>"; };
		BF5DEB542084F9B500983EDA /* roms */ = {isa = PBXFileReference; lastKnownFileType = folder; path = roms; sourceTree = "<group>"; };
		BF74F2E42087951E000CCBA7 /* Hall.storyboard */ = {isa = PBXFileReference; lastKnownFileType = file.storyboard; path = Hall.storyboard; sourceTree = "<group>"; };
		BFA8ACCF208836A5009DD695 /* StoreKit.framework */ = {isa = PBXFileReference; lastKnownFileType = wrapper.framework; name = StoreKit.framework; path = System/Library/Frameworks/StoreKit.framework; sourceTree = SDKROOT; };
		BFAC4693209F47EF005F5644 /* 49in1SoundOff.png */ = {isa = PBXFileReference; lastKnownFileType = image.png; path = 49in1SoundOff.png; sourceTree = "<group>"; };
		BFAC4694209F47EF005F5644 /* 49in1SoundOn.png */ = {isa = PBXFileReference; lastKnownFileType = image.png; path = 49in1SoundOn.png; sourceTree = "<group>"; };
		BFAC4695209F47F0005F5644 /* 49in1bg.png */ = {isa = PBXFileReference; lastKnownFileType = image.png; path = 49in1bg.png; sourceTree = "<group>"; };
		BFAC4696209F47F0005F5644 /* 49in1LeftBtn.png */ = {isa = PBXFileReference; lastKnownFileType = image.png; path = 49in1LeftBtn.png; sourceTree = "<group>"; };
		BFAC4697209F47F0005F5644 /* 49in145Btn.png */ = {isa = PBXFileReference; lastKnownFileType = image.png; path = 49in145Btn.png; sourceTree = "<group>"; };
		BFAC4698209F47F0005F5644 /* 49in1TopBtn.png */ = {isa = PBXFileReference; lastKnownFileType = image.png; path = 49in1TopBtn.png; sourceTree = "<group>"; };
		BFAC4699209F47F0005F5644 /* 49in1RightSmallBtn.png */ = {isa = PBXFileReference; lastKnownFileType = image.png; path = 49in1RightSmallBtn.png; sourceTree = "<group>"; };
		BFAC469A209F47F0005F5644 /* 49in1MainBg.jpg */ = {isa = PBXFileReference; lastKnownFileType = image.jpeg; path = 49in1MainBg.jpg; sourceTree = "<group>"; };
		BFAC469B209F47F0005F5644 /* 49in1RightBtn.png */ = {isa = PBXFileReference; lastKnownFileType = image.png; path = 49in1RightBtn.png; sourceTree = "<group>"; };
		BFAC469C209F47F0005F5644 /* 49in1ABtn.png */ = {isa = PBXFileReference; lastKnownFileType = image.png; path = 49in1ABtn.png; sourceTree = "<group>"; };
		BFAC469D209F47F0005F5644 /* 49in1BottomBtn.png */ = {isa = PBXFileReference; lastKnownFileType = image.png; path = 49in1BottomBtn.png; sourceTree = "<group>"; };
		BFAC469E209F47F0005F5644 /* 49in1UpBtn.png */ = {isa = PBXFileReference; lastKnownFileType = image.png; path = 49in1UpBtn.png; sourceTree = "<group>"; };
		BFAC469F209F47F0005F5644 /* 49in1gameContainer.png */ = {isa = PBXFileReference; lastKnownFileType = image.png; path = 49in1gameContainer.png; sourceTree = "<group>"; };
		BFAC46A0209F47F0005F5644 /* 49in1Shop.png */ = {isa = PBXFileReference; lastKnownFileType = image.png; path = 49in1Shop.png; sourceTree = "<group>"; };
		BFAC46A1209F47F0005F5644 /* 49in1RightBigBtn.png */ = {isa = PBXFileReference; lastKnownFileType = image.png; path = 49in1RightBigBtn.png; sourceTree = "<group>"; };
		BFAC46A2209F47F0005F5644 /* 49in1Reset.png */ = {isa = PBXFileReference; lastKnownFileType = image.png; path = 49in1Reset.png; sourceTree = "<group>"; };
		BFAC46A3209F47F0005F5644 /* 49in1SelectBtn.png */ = {isa = PBXFileReference; lastKnownFileType = image.png; path = 49in1SelectBtn.png; sourceTree = "<group>"; };
		BFAC46A4209F47F0005F5644 /* 49in1BBtn.png */ = {isa = PBXFileReference; lastKnownFileType = image.png; path = 49in1BBtn.png; sourceTree = "<group>"; };
		BFAC46A5209F47F0005F5644 /* 49in1ABBtn.png */ = {isa = PBXFileReference; lastKnownFileType = image.png; path = 49in1ABBtn.png; sourceTree = "<group>"; };
		BFAC46B9209F4822005F5644 /* pflash.jpg */ = {isa = PBXFileReference; lastKnownFileType = image.jpeg; path = pflash.jpg; sourceTree = "<group>"; };
		BFED48A1208C407800B91992 /* QKTabBar.h */ = {isa = PBXFileReference; fileEncoding = 4; lastKnownFileType = sourcecode.c.h; path = QKTabBar.h; sourceTree = "<group>"; };
		BFED48A2208C407800B91992 /* QKTabBar.m */ = {isa = PBXFileReference; fileEncoding = 4; lastKnownFileType = sourcecode.c.objc; path = QKTabBar.m; sourceTree = "<group>"; };
		BFED48A3208C407800B91992 /* UIView+QKExtension.h */ = {isa = PBXFileReference; fileEncoding = 4; lastKnownFileType = sourcecode.c.h; path = "UIView+QKExtension.h"; sourceTree = "<group>"; };
		BFED48A4208C407800B91992 /* UIView+QKExtension.m */ = {isa = PBXFileReference; fileEncoding = 4; lastKnownFileType = sourcecode.c.objc; path = "UIView+QKExtension.m"; sourceTree = "<group>"; };
		BFED48A7208C408200B91992 /* QKTabBarController.m */ = {isa = PBXFileReference; fileEncoding = 4; lastKnownFileType = sourcecode.c.objc; path = QKTabBarController.m; sourceTree = "<group>"; };
		BFED48A8208C408200B91992 /* HomeViewController.m */ = {isa = PBXFileReference; fileEncoding = 4; lastKnownFileType = sourcecode.c.objc; path = HomeViewController.m; sourceTree = "<group>"; };
		BFED48A9208C408200B91992 /* NextViewController.h */ = {isa = PBXFileReference; fileEncoding = 4; lastKnownFileType = sourcecode.c.h; path = NextViewController.h; sourceTree = "<group>"; };
		BFED48AA208C408200B91992 /* QKBasicViewController.h */ = {isa = PBXFileReference; fileEncoding = 4; lastKnownFileType = sourcecode.c.h; path = QKBasicViewController.h; sourceTree = "<group>"; };
		BFED48AB208C408200B91992 /* OrderViewController.h */ = {isa = PBXFileReference; fileEncoding = 4; lastKnownFileType = sourcecode.c.h; path = OrderViewController.h; sourceTree = "<group>"; };
		BFED48AC208C408200B91992 /* MeViewController.m */ = {isa = PBXFileReference; fileEncoding = 4; lastKnownFileType = sourcecode.c.objc; path = MeViewController.m; sourceTree = "<group>"; };
		BFED48AD208C408200B91992 /* QKTabBarController.h */ = {isa = PBXFileReference; fileEncoding = 4; lastKnownFileType = sourcecode.c.h; path = QKTabBarController.h; sourceTree = "<group>"; };
		BFED48AE208C408200B91992 /* MeViewController.h */ = {isa = PBXFileReference; fileEncoding = 4; lastKnownFileType = sourcecode.c.h; path = MeViewController.h; sourceTree = "<group>"; };
		BFED48AF208C408200B91992 /* QKNavigationController.m */ = {isa = PBXFileReference; fileEncoding = 4; lastKnownFileType = sourcecode.c.objc; path = QKNavigationController.m; sourceTree = "<group>"; };
		BFED48B0208C408200B91992 /* HomeViewController.h */ = {isa = PBXFileReference; fileEncoding = 4; lastKnownFileType = sourcecode.c.h; path = HomeViewController.h; sourceTree = "<group>"; };
		BFED48B1208C408200B91992 /* NewsViewController.h */ = {isa = PBXFileReference; fileEncoding = 4; lastKnownFileType = sourcecode.c.h; path = NewsViewController.h; sourceTree = "<group>"; };
		BFED48B2208C408300B91992 /* NextViewController.m */ = {isa = PBXFileReference; fileEncoding = 4; lastKnownFileType = sourcecode.c.objc; path = NextViewController.m; sourceTree = "<group>"; };
		BFED48B3208C408300B91992 /* OrderViewController.m */ = {isa = PBXFileReference; fileEncoding = 4; lastKnownFileType = sourcecode.c.objc; path = OrderViewController.m; sourceTree = "<group>"; };
		BFED48B4208C408300B91992 /* NewsViewController.m */ = {isa = PBXFileReference; fileEncoding = 4; lastKnownFileType = sourcecode.c.objc; path = NewsViewController.m; sourceTree = "<group>"; };
		BFED48B5208C408300B91992 /* QKBasicViewController.m */ = {isa = PBXFileReference; fileEncoding = 4; lastKnownFileType = sourcecode.c.objc; path = QKBasicViewController.m; sourceTree = "<group>"; };
		BFED48B6208C408300B91992 /* QKNavigationController.h */ = {isa = PBXFileReference; fileEncoding = 4; lastKnownFileType = sourcecode.c.h; path = QKNavigationController.h; sourceTree = "<group>"; };
		BFED48BF208C413300B91992 /* Assets.xcassets */ = {isa = PBXFileReference; lastKnownFileType = folder.assetcatalog; path = Assets.xcassets; sourceTree = "<group>"; };
		BFFF05B0208652DF007DEAF2 /* HallViewController.h */ = {isa = PBXFileReference; lastKnownFileType = sourcecode.c.h; path = HallViewController.h; sourceTree = "<group>"; };
		BFFF05B1208652DF007DEAF2 /* HallViewController.m */ = {isa = PBXFileReference; lastKnownFileType = sourcecode.c.objc; path = HallViewController.m; sourceTree = "<group>"; };
		F5BF3CBFD38791253E054E94 /* Pods-Example.debug.xcconfig */ = {isa = PBXFileReference; includeInIndex = 1; lastKnownFileType = text.xcconfig; name = "Pods-Example.debug.xcconfig"; path = "Pods/Target Support Files/Pods-Example/Pods-Example.debug.xcconfig"; sourceTree = "<group>"; };
/* End PBXFileReference section */

/* Begin PBXFrameworksBuildPhase section */
		74A429E8204A8E3C00B06B4B /* Frameworks */ = {
			isa = PBXFrameworksBuildPhase;
			buildActionMask = 2147483647;
			files = (
				BFA8ACD0208836A5009DD695 /* StoreKit.framework in Frameworks */,
				74A42A08204A956500B06B4B /* libc++.tbd in Frameworks */,
				0BE1B0DD3690AD20487E6DD7 /* libPods-Example.a in Frameworks */,
				BF07F185208B348E005A2D7D /* GameKit.framework in Frameworks */,
			);
			runOnlyForDeploymentPostprocessing = 0;
		};
/* End PBXFrameworksBuildPhase section */

/* Begin PBXGroup section */
		74A429E2204A8E3C00B06B4B = {
			isa = PBXGroup;
			children = (
				74A429ED204A8E3C00B06B4B /* Example */,
				74A429EC204A8E3C00B06B4B /* Products */,
				99D38BBF27683965E734E6B7 /* Pods */,
				831EC229FA18A0045625064F /* Frameworks */,
			);
			sourceTree = "<group>";
		};
		74A429EC204A8E3C00B06B4B /* Products */ = {
			isa = PBXGroup;
			children = (
				74A429EB204A8E3C00B06B4B /* MyNesGame.app */,
			);
			name = Products;
			sourceTree = "<group>";
		};
		74A429ED204A8E3C00B06B4B /* Example */ = {
			isa = PBXGroup;
			children = (
				BF1FEBA620A2050F00BFBF77 /* example.nes */,
				BFED48A0208C406A00B91992 /* main */,
				BF07F177208B16B6005A2D7D /* resources */,
				BF4C3E352087824C00EF27DF /* GoogleService-Info.plist */,
				74A429EE204A8E3C00B06B4B /* AppDelegate.h */,
				74A429EF204A8E3C00B06B4B /* AppDelegate.m */,
				74A429F1204A8E3C00B06B4B /* ViewController.h */,
				74A429F2204A8E3C00B06B4B /* ViewController.m */,
				74A42A0B204C2B5300B06B4B /* CaptureImageViewController.h */,
				74A42A0C204C2B5300B06B4B /* CaptureImageViewController.m */,
				74A429F4204A8E3C00B06B4B /* Main.storyboard */,
				74A429FC204A8E3C00B06B4B /* LaunchScreen.storyboard */,
				74A429FF204A8E3C00B06B4B /* Info.plist */,
				74A42A00204A8E3C00B06B4B /* main.m */,
				BFED48BF208C413300B91992 /* Assets.xcassets */,
				74A429F7204A8E3C00B06B4B /* Example.xcdatamodeld */,
				BFFF05B0208652DF007DEAF2 /* HallViewController.h */,
				BFFF05B1208652DF007DEAF2 /* HallViewController.m */,
				BF74F2E42087951E000CCBA7 /* Hall.storyboard */,
			);
			path = Example;
			sourceTree = "<group>";
		};
		831EC229FA18A0045625064F /* Frameworks */ = {
			isa = PBXGroup;
			children = (
				BF07F184208B348E005A2D7D /* GameKit.framework */,
				BFA8ACCF208836A5009DD695 /* StoreKit.framework */,
				74A42A07204A956500B06B4B /* libc++.tbd */,
				267745808609369F739754F7 /* libPods-Example.a */,
			);
			name = Frameworks;
			sourceTree = "<group>";
		};
		99D38BBF27683965E734E6B7 /* Pods */ = {
			isa = PBXGroup;
			children = (
				F5BF3CBFD38791253E054E94 /* Pods-Example.debug.xcconfig */,
				1DDC0326C7F05924EBE63433 /* Pods-Example.release.xcconfig */,
			);
			name = Pods;
			sourceTree = "<group>";
		};
		BF07F177208B16B6005A2D7D /* resources */ = {
			isa = PBXGroup;
			children = (
				BFAC46B9209F4822005F5644 /* pflash.jpg */,
				BFAC46A5209F47F0005F5644 /* 49in1ABBtn.png */,
				BFAC469C209F47F0005F5644 /* 49in1ABtn.png */,
				BFAC46A4209F47F0005F5644 /* 49in1BBtn.png */,
				BFAC4695209F47F0005F5644 /* 49in1bg.png */,
				BFAC469D209F47F0005F5644 /* 49in1BottomBtn.png */,
				BFAC469F209F47F0005F5644 /* 49in1gameContainer.png */,
				BFAC4696209F47F0005F5644 /* 49in1LeftBtn.png */,
				BFAC469A209F47F0005F5644 /* 49in1MainBg.jpg */,
				BFAC46A2209F47F0005F5644 /* 49in1Reset.png */,
				BFAC46A1209F47F0005F5644 /* 49in1RightBigBtn.png */,
				BFAC469B209F47F0005F5644 /* 49in1RightBtn.png */,
				BFAC4699209F47F0005F5644 /* 49in1RightSmallBtn.png */,
				BFAC46A3209F47F0005F5644 /* 49in1SelectBtn.png */,
				BFAC46A0209F47F0005F5644 /* 49in1Shop.png */,
				BFAC4693209F47EF005F5644 /* 49in1SoundOff.png */,
				BFAC4694209F47EF005F5644 /* 49in1SoundOn.png */,
				BFAC4698209F47F0005F5644 /* 49in1TopBtn.png */,
				BFAC469E209F47F0005F5644 /* 49in1UpBtn.png */,
				BFAC4697209F47F0005F5644 /* 49in145Btn.png */,
				BF5DEB542084F9B500983EDA /* roms */,
				BF07F175208AF905005A2D7D /* icon_guanbi@3x.png */,
				BF07F173208AF797005A2D7D /* bg_sel_qiandao@3x.png */,
				BF07F171208AF75E005A2D7D /* bg_tankuang@3x.png */,
				BF07F16B208AF682005A2D7D /* img_on_baoxaing5@3x.png */,
				BF07F16D208AF68B005A2D7D /* img_on_baoxaing6@3x.png */,
				BF07F16F208AF695005A2D7D /* img_on_baoxaing2@3x.png */,
			);
			path = resources;
			sourceTree = "<group>";
		};
		BFED48A0208C406A00B91992 /* main */ = {
			isa = PBXGroup;
			children = (
				BFED48A1208C407800B91992 /* QKTabBar.h */,
				BFED48A2208C407800B91992 /* QKTabBar.m */,
				BFED48A3208C407800B91992 /* UIView+QKExtension.h */,
				BFED48A4208C407800B91992 /* UIView+QKExtension.m */,
				BFED48B0208C408200B91992 /* HomeViewController.h */,
				BFED48A8208C408200B91992 /* HomeViewController.m */,
				BFED48AE208C408200B91992 /* MeViewController.h */,
				BFED48AC208C408200B91992 /* MeViewController.m */,
				BFED48B1208C408200B91992 /* NewsViewController.h */,
				BFED48B4208C408300B91992 /* NewsViewController.m */,
				BFED48A9208C408200B91992 /* NextViewController.h */,
				BFED48B2208C408300B91992 /* NextViewController.m */,
				BFED48AB208C408200B91992 /* OrderViewController.h */,
				BFED48B3208C408300B91992 /* OrderViewController.m */,
				BFED48AA208C408200B91992 /* QKBasicViewController.h */,
				BFED48B5208C408300B91992 /* QKBasicViewController.m */,
				BFED48B6208C408300B91992 /* QKNavigationController.h */,
				BFED48AF208C408200B91992 /* QKNavigationController.m */,
				BFED48AD208C408200B91992 /* QKTabBarController.h */,
				BFED48A7208C408200B91992 /* QKTabBarController.m */,
				BF42B5CE209226BB0072EF18 /* NextViewController.storyboard */,
			);
			path = main;
			sourceTree = "<group>";
		};
/* End PBXGroup section */

/* Begin PBXNativeTarget section */
		74A429EA204A8E3C00B06B4B /* MyNesGame */ = {
			isa = PBXNativeTarget;
			buildConfigurationList = 74A42A04204A8E3C00B06B4B /* Build configuration list for PBXNativeTarget "MyNesGame" */;
			buildPhases = (
				F2AD1B829EEC9BC2CA96A395 /* [CP] Check Pods Manifest.lock */,
				74A429E7204A8E3C00B06B4B /* Sources */,
				74A429E8204A8E3C00B06B4B /* Frameworks */,
				74A429E9204A8E3C00B06B4B /* Resources */,
				F51A8C55BC6F07F665AB23AF /* [CP] Copy Pods Resources */,
			);
			buildRules = (
			);
			dependencies = (
			);
			name = MyNesGame;
			productName = Example;
			productReference = 74A429EB204A8E3C00B06B4B /* MyNesGame.app */;
			productType = "com.apple.product-type.application";
		};
/* End PBXNativeTarget section */

/* Begin PBXProject section */
		74A429E3204A8E3C00B06B4B /* Project object */ = {
			isa = PBXProject;
			attributes = {
				LastUpgradeCheck = 0920;
				ORGANIZATIONNAME = "SUZUKI PLAN";
				TargetAttributes = {
					74A429EA204A8E3C00B06B4B = {
						CreatedOnToolsVersion = 9.2;
						ProvisioningStyle = Manual;
						SystemCapabilities = {
							com.apple.GameCenter.iOS = {
								enabled = 1;
							};
						};
					};
				};
			};
			buildConfigurationList = 74A429E6204A8E3C00B06B4B /* Build configuration list for PBXProject "MyNesGame" */;
			compatibilityVersion = "Xcode 8.0";
			developmentRegion = en;
			hasScannedForEncodings = 0;
			knownRegions = (
				en,
				Base,
			);
			mainGroup = 74A429E2204A8E3C00B06B4B;
			productRefGroup = 74A429EC204A8E3C00B06B4B /* Products */;
			projectDirPath = "";
			projectRoot = "";
			targets = (
				74A429EA204A8E3C00B06B4B /* MyNesGame */,
			);
		};
/* End PBXProject section */

/* Begin PBXResourcesBuildPhase section */
		74A429E9204A8E3C00B06B4B /* Resources */ = {
			isa = PBXResourcesBuildPhase;
			buildActionMask = 2147483647;
			files = (
				74A429FE204A8E3C00B06B4B /* LaunchScreen.storyboard in Resources */,
				BFAC46AE209F47F1005F5644 /* 49in1RightBtn.png in Resources */,
				BF07F172208AF75F005A2D7D /* bg_tankuang@3x.png in Resources */,
				BFAC46A7209F47F1005F5644 /* 49in1SoundOn.png in Resources */,
				BFAC46B4209F47F1005F5644 /* 49in1RightBigBtn.png in Resources */,
				BF42B5CF209226BB0072EF18 /* NextViewController.storyboard in Resources */,
				BFAC46A6209F47F1005F5644 /* 49in1SoundOff.png in Resources */,
				BFAC46AC209F47F1005F5644 /* 49in1RightSmallBtn.png in Resources */,
				BFAC46B5209F47F1005F5644 /* 49in1Reset.png in Resources */,
				BFAC46B2209F47F1005F5644 /* 49in1gameContainer.png in Resources */,
				BFAC46B3209F47F1005F5644 /* 49in1Shop.png in Resources */,
				BF07F170208AF696005A2D7D /* img_on_baoxaing2@3x.png in Resources */,
				BFAC46AD209F47F1005F5644 /* 49in1MainBg.jpg in Resources */,
				BFAC46B1209F47F1005F5644 /* 49in1UpBtn.png in Resources */,
				BF4C3E362087824C00EF27DF /* GoogleService-Info.plist in Resources */,
				BFAC46AA209F47F1005F5644 /* 49in145Btn.png in Resources */,
				BFAC46B6209F47F1005F5644 /* 49in1SelectBtn.png in Resources */,
				BFAC46B0209F47F1005F5644 /* 49in1BottomBtn.png in Resources */,
				BF07F16C208AF682005A2D7D /* img_on_baoxaing5@3x.png in Resources */,
				BF1FEBA720A2050F00BFBF77 /* example.nes in Resources */,
				BF74F2E52087951E000CCBA7 /* Hall.storyboard in Resources */,
				BFED48C0208C413300B91992 /* Assets.xcassets in Resources */,
				BF07F16E208AF68B005A2D7D /* img_on_baoxaing6@3x.png in Resources */,
				BFAC46AF209F47F1005F5644 /* 49in1ABtn.png in Resources */,
				BFAC46B7209F47F1005F5644 /* 49in1BBtn.png in Resources */,
				BF07F174208AF797005A2D7D /* bg_sel_qiandao@3x.png in Resources */,
				BFAC46A8209F47F1005F5644 /* 49in1bg.png in Resources */,
				BFAC46BA209F4822005F5644 /* pflash.jpg in Resources */,
				BF5DEB552084F9B500983EDA /* roms in Resources */,
				74A429F6204A8E3C00B06B4B /* Main.storyboard in Resources */,
				BF07F176208AF905005A2D7D /* icon_guanbi@3x.png in Resources */,
				BFAC46B8209F47F1005F5644 /* 49in1ABBtn.png in Resources */,
				BFAC46AB209F47F1005F5644 /* 49in1TopBtn.png in Resources */,
				BFAC46A9209F47F1005F5644 /* 49in1LeftBtn.png in Resources */,
			);
			runOnlyForDeploymentPostprocessing = 0;
		};
/* End PBXResourcesBuildPhase section */

/* Begin PBXShellScriptBuildPhase section */
		F2AD1B829EEC9BC2CA96A395 /* [CP] Check Pods Manifest.lock */ = {
			isa = PBXShellScriptBuildPhase;
			buildActionMask = 2147483647;
			files = (
			);
			inputPaths = (
				"${PODS_PODFILE_DIR_PATH}/Podfile.lock",
				"${PODS_ROOT}/Manifest.lock",
			);
			name = "[CP] Check Pods Manifest.lock";
			outputPaths = (
				"$(DERIVED_FILE_DIR)/Pods-Example-checkManifestLockResult.txt",
			);
			runOnlyForDeploymentPostprocessing = 0;
			shellPath = /bin/sh;
			shellScript = "diff \"${PODS_PODFILE_DIR_PATH}/Podfile.lock\" \"${PODS_ROOT}/Manifest.lock\" > /dev/null\nif [ $? != 0 ] ; then\n    # print error to STDERR\n    echo \"error: The sandbox is not in sync with the Podfile.lock. Run 'pod install' or update your CocoaPods installation.\" >&2\n    exit 1\nfi\n# This output is used by Xcode 'outputs' to avoid re-running this script phase.\necho \"SUCCESS\" > \"${SCRIPT_OUTPUT_FILE_0}\"\n";
			showEnvVarsInLog = 0;
		};
		F51A8C55BC6F07F665AB23AF /* [CP] Copy Pods Resources */ = {
			isa = PBXShellScriptBuildPhase;
			buildActionMask = 2147483647;
			files = (
			);
			inputPaths = (
				"${SRCROOT}/Pods/Target Support Files/Pods-Example/Pods-Example-resources.sh",
				"${PODS_ROOT}/SVProgressHUD/SVProgressHUD/SVProgressHUD.bundle",
			);
			name = "[CP] Copy Pods Resources";
			outputPaths = (
				"${TARGET_BUILD_DIR}/${UNLOCALIZED_RESOURCES_FOLDER_PATH}/SVProgressHUD.bundle",
			);
			runOnlyForDeploymentPostprocessing = 0;
			shellPath = /bin/sh;
			shellScript = "\"${SRCROOT}/Pods/Target Support Files/Pods-Example/Pods-Example-resources.sh\"\n";
			showEnvVarsInLog = 0;
		};
/* End PBXShellScriptBuildPhase section */

/* Begin PBXSourcesBuildPhase section */
		74A429E7204A8E3C00B06B4B /* Sources */ = {
			isa = PBXSourcesBuildPhase;
			buildActionMask = 2147483647;
			files = (
				BFED48BE208C408300B91992 /* QKBasicViewController.m in Sources */,
				BFED48BC208C408300B91992 /* OrderViewController.m in Sources */,
				74A429F3204A8E3C00B06B4B /* ViewController.m in Sources */,
				74A429F9204A8E3C00B06B4B /* Example.xcdatamodeld in Sources */,
				BFED48B7208C408300B91992 /* QKTabBarController.m in Sources */,
				74A42A0D204C2B5300B06B4B /* CaptureImageViewController.m in Sources */,
				74A42A01204A8E3C00B06B4B /* main.m in Sources */,
				BFED48B9208C408300B91992 /* MeViewController.m in Sources */,
				BFED48B8208C408300B91992 /* HomeViewController.m in Sources */,
				BFED48A5208C407800B91992 /* QKTabBar.m in Sources */,
				74A429F0204A8E3C00B06B4B /* AppDelegate.m in Sources */,
				BFED48BD208C408300B91992 /* NewsViewController.m in Sources */,
				BFED48A6208C407800B91992 /* UIView+QKExtension.m in Sources */,
				BFED48BB208C408300B91992 /* NextViewController.m in Sources */,
				BFED48BA208C408300B91992 /* QKNavigationController.m in Sources */,
				BFFF05B2208652DF007DEAF2 /* HallViewController.m in Sources */,
			);
			runOnlyForDeploymentPostprocessing = 0;
		};
/* End PBXSourcesBuildPhase section */

/* Begin PBXVariantGroup section */
		74A429F4204A8E3C00B06B4B /* Main.storyboard */ = {
			isa = PBXVariantGroup;
			children = (
				74A429F5204A8E3C00B06B4B /* Base */,
			);
			name = Main.storyboard;
			sourceTree = "<group>";
		};
		74A429FC204A8E3C00B06B4B /* LaunchScreen.storyboard */ = {
			isa = PBXVariantGroup;
			children = (
				74A429FD204A8E3C00B06B4B /* Base */,
			);
			name = LaunchScreen.storyboard;
			sourceTree = "<group>";
		};
/* End PBXVariantGroup section */

/* Begin XCBuildConfiguration section */
		74A42A02204A8E3C00B06B4B /* Debug */ = {
			isa = XCBuildConfiguration;
			buildSettings = {
				ALWAYS_SEARCH_USER_PATHS = NO;
				CLANG_ANALYZER_NONNULL = YES;
				CLANG_ANALYZER_NUMBER_OBJECT_CONVERSION = YES_AGGRESSIVE;
				CLANG_CXX_LANGUAGE_STANDARD = "gnu++14";
				CLANG_CXX_LIBRARY = "libc++";
				CLANG_ENABLE_MODULES = YES;
				CLANG_ENABLE_OBJC_ARC = YES;
				CLANG_WARN_BLOCK_CAPTURE_AUTORELEASING = YES;
				CLANG_WARN_BOOL_CONVERSION = YES;
				CLANG_WARN_COMMA = YES;
				CLANG_WARN_CONSTANT_CONVERSION = YES;
				CLANG_WARN_DIRECT_OBJC_ISA_USAGE = YES_ERROR;
				CLANG_WARN_DOCUMENTATION_COMMENTS = YES;
				CLANG_WARN_EMPTY_BODY = YES;
				CLANG_WARN_ENUM_CONVERSION = YES;
				CLANG_WARN_INFINITE_RECURSION = YES;
				CLANG_WARN_INT_CONVERSION = YES;
				CLANG_WARN_NON_LITERAL_NULL_CONVERSION = YES;
				CLANG_WARN_OBJC_LITERAL_CONVERSION = YES;
				CLANG_WARN_OBJC_ROOT_CLASS = YES_ERROR;
				CLANG_WARN_RANGE_LOOP_ANALYSIS = YES;
				CLANG_WARN_STRICT_PROTOTYPES = YES;
				CLANG_WARN_SUSPICIOUS_MOVE = YES;
				CLANG_WARN_UNGUARDED_AVAILABILITY = YES_AGGRESSIVE;
				CLANG_WARN_UNREACHABLE_CODE = YES;
				CLANG_WARN__DUPLICATE_METHOD_MATCH = YES;
				CODE_SIGN_IDENTITY = "iPhone Developer";
				COPY_PHASE_STRIP = NO;
				DEBUG_INFORMATION_FORMAT = dwarf;
				ENABLE_STRICT_OBJC_MSGSEND = YES;
				ENABLE_TESTABILITY = YES;
				GCC_C_LANGUAGE_STANDARD = gnu11;
				GCC_DYNAMIC_NO_PIC = NO;
				GCC_NO_COMMON_BLOCKS = YES;
				GCC_OPTIMIZATION_LEVEL = 0;
				GCC_PREPROCESSOR_DEFINITIONS = (
					"DEBUG=1",
					"$(inherited)",
				);
				GCC_WARN_64_TO_32_BIT_CONVERSION = YES;
				GCC_WARN_ABOUT_RETURN_TYPE = YES_ERROR;
				GCC_WARN_UNDECLARED_SELECTOR = YES;
				GCC_WARN_UNINITIALIZED_AUTOS = YES_AGGRESSIVE;
				GCC_WARN_UNUSED_FUNCTION = YES;
				GCC_WARN_UNUSED_VARIABLE = YES;
				IPHONEOS_DEPLOYMENT_TARGET = 11.2;
				MTL_ENABLE_DEBUG_INFO = YES;
				ONLY_ACTIVE_ARCH = YES;
				SDKROOT = iphoneos;
			};
			name = Debug;
		};
		74A42A03204A8E3C00B06B4B /* Release */ = {
			isa = XCBuildConfiguration;
			buildSettings = {
				ALWAYS_SEARCH_USER_PATHS = NO;
				CLANG_ANALYZER_NONNULL = YES;
				CLANG_ANALYZER_NUMBER_OBJECT_CONVERSION = YES_AGGRESSIVE;
				CLANG_CXX_LANGUAGE_STANDARD = "gnu++14";
				CLANG_CXX_LIBRARY = "libc++";
				CLANG_ENABLE_MODULES = YES;
				CLANG_ENABLE_OBJC_ARC = YES;
				CLANG_WARN_BLOCK_CAPTURE_AUTORELEASING = YES;
				CLANG_WARN_BOOL_CONVERSION = YES;
				CLANG_WARN_COMMA = YES;
				CLANG_WARN_CONSTANT_CONVERSION = YES;
				CLANG_WARN_DIRECT_OBJC_ISA_USAGE = YES_ERROR;
				CLANG_WARN_DOCUMENTATION_COMMENTS = YES;
				CLANG_WARN_EMPTY_BODY = YES;
				CLANG_WARN_ENUM_CONVERSION = YES;
				CLANG_WARN_INFINITE_RECURSION = YES;
				CLANG_WARN_INT_CONVERSION = YES;
				CLANG_WARN_NON_LITERAL_NULL_CONVERSION = YES;
				CLANG_WARN_OBJC_LITERAL_CONVERSION = YES;
				CLANG_WARN_OBJC_ROOT_CLASS = YES_ERROR;
				CLANG_WARN_RANGE_LOOP_ANALYSIS = YES;
				CLANG_WARN_STRICT_PROTOTYPES = YES;
				CLANG_WARN_SUSPICIOUS_MOVE = YES;
				CLANG_WARN_UNGUARDED_AVAILABILITY = YES_AGGRESSIVE;
				CLANG_WARN_UNREACHABLE_CODE = YES;
				CLANG_WARN__DUPLICATE_METHOD_MATCH = YES;
				CODE_SIGN_IDENTITY = "iPhone Developer";
				COPY_PHASE_STRIP = NO;
				DEBUG_INFORMATION_FORMAT = "dwarf-with-dsym";
				ENABLE_NS_ASSERTIONS = NO;
				ENABLE_STRICT_OBJC_MSGSEND = YES;
				GCC_C_LANGUAGE_STANDARD = gnu11;
				GCC_NO_COMMON_BLOCKS = YES;
				GCC_WARN_64_TO_32_BIT_CONVERSION = YES;
				GCC_WARN_ABOUT_RETURN_TYPE = YES_ERROR;
				GCC_WARN_UNDECLARED_SELECTOR = YES;
				GCC_WARN_UNINITIALIZED_AUTOS = YES_AGGRESSIVE;
				GCC_WARN_UNUSED_FUNCTION = YES;
				GCC_WARN_UNUSED_VARIABLE = YES;
				IPHONEOS_DEPLOYMENT_TARGET = 11.2;
				MTL_ENABLE_DEBUG_INFO = NO;
				SDKROOT = iphoneos;
				VALIDATE_PRODUCT = YES;
			};
			name = Release;
		};
		74A42A05204A8E3C00B06B4B /* Debug */ = {
			isa = XCBuildConfiguration;
			baseConfigurationReference = F5BF3CBFD38791253E054E94 /* Pods-Example.debug.xcconfig */;
			buildSettings = {
				ASSETCATALOG_COMPILER_APPICON_NAME = AppIcon;
				CODE_SIGN_STYLE = Manual;
				DEVELOPMENT_TEAM = 72S8DD99XC;
				INFOPLIST_FILE = Example/Info.plist;
				IPHONEOS_DEPLOYMENT_TARGET = 9.0;
				LD_RUNPATH_SEARCH_PATHS = "$(inherited) @executable_path/Frameworks";
				PRODUCT_BUNDLE_IDENTIFIER = com.fcgame.more.ml;
				PRODUCT_NAME = "$(TARGET_NAME)";
				PROVISIONING_PROFILE = "cb7d584b-bd98-48a1-986d-25d54e93d570";
				PROVISIONING_PROFILE_SPECIFIER = iOS_FCDEV;
				TARGETED_DEVICE_FAMILY = "1,2";
			};
			name = Debug;
		};
		74A42A06204A8E3C00B06B4B /* Release */ = {
			isa = XCBuildConfiguration;
			baseConfigurationReference = 1DDC0326C7F05924EBE63433 /* Pods-Example.release.xcconfig */;
			buildSettings = {
				ASSETCATALOG_COMPILER_APPICON_NAME = AppIcon;
				CODE_SIGN_STYLE = Manual;
				DEVELOPMENT_TEAM = 72S8DD99XC;
				INFOPLIST_FILE = Example/Info.plist;
				IPHONEOS_DEPLOYMENT_TARGET = 9.0;
				LD_RUNPATH_SEARCH_PATHS = "$(inherited) @executable_path/Frameworks";
				PRODUCT_BUNDLE_IDENTIFIER = com.fcgame.more.ml;
				PRODUCT_NAME = "$(TARGET_NAME)";
				PROVISIONING_PROFILE = "cb7d584b-bd98-48a1-986d-25d54e93d570";
				PROVISIONING_PROFILE_SPECIFIER = iOS_FCDEV;
				TARGETED_DEVICE_FAMILY = "1,2";
			};
			name = Release;
		};
/* End XCBuildConfiguration section */

/* Begin XCConfigurationList section */
		74A429E6204A8E3C00B06B4B /* Build configuration list for PBXProject "MyNesGame" */ = {
			isa = XCConfigurationList;
			buildConfigurations = (
				74A42A02204A8E3C00B06B4B /* Debug */,
				74A42A03204A8E3C00B06B4B /* Release */,
			);
			defaultConfigurationIsVisible = 0;
			defaultConfigurationName = Release;
		};
		74A42A04204A8E3C00B06B4B /* Build configuration list for PBXNativeTarget "MyNesGame" */ = {
			isa = XCConfigurationList;
			buildConfigurations = (
				74A42A05204A8E3C00B06B4B /* Debug */,
				74A42A06204A8E3C00B06B4B /* Release */,
			);
			defaultConfigurationIsVisible = 0;
			defaultConfigurationName = Release;
		};
/* End XCConfigurationList section */

/* Begin XCVersionGroup section */
		74A429F7204A8E3C00B06B4B /* Example.xcdatamodeld */ = {
			isa = XCVersionGroup;
			children = (
				74A429F8204A8E3C00B06B4B /* Example.xcdatamodel */,
			);
			currentVersion = 74A429F8204A8E3C00B06B4B /* Example.xcdatamodel */;
			path = Example.xcdatamodeld;
			sourceTree = "<group>";
			versionGroupType = wrapper.xcdatamodel;
		};
/* End XCVersionGroup section */
	};
	rootObject = 74A429E3204A8E3C00B06B4B /* Project object */;
}
